
Microsoft Visual Studio Solution File, Format Version 12.00
# Visual Studio Version 16
VisualStudioVersion = 16.0.31424.327
MinimumVisualStudioVersion = 10.0.40219.1
Project("{FAE04EC0-301F-11D3-BF4B-00C04F79EFBC}") = "MVCDEMO1", "MVCDEMO1\MVCDEMO1.csproj", "{6EB91F1B-86E0-4222-A46D-9BDC0D2DC0DA}"
EndProject
Project("{FAE04EC0-301F-11D3-BF4B-00C04F79EFBC}") = "CRUDUsingAdoNet", "CRUDUsingAdoNet\CRUDUsingAdoNet.csproj", "{11A23CB1-AB88-49C7-AB38-15A4F38BA6B7}"
EndProject
Project("{FAE04EC0-301F-11D3-BF4B-00C04F79EFBC}") = "CRUDUsingEFDBFirstApproach", "CRUDUsingEFDBFirstApproach\CRUDUsingEFDBFirstApproach.csproj", "{E033B5B0-E3AB-4CE4-B0CE-C24913D7B894}"
EndProject
Project("{FAE04EC0-301F-11D3-BF4B-00C04F79EFBC}") = "Matrimony", "Matrimony\Matrimony.csproj", "{18C21757-B4F1-4102-AF48-CC74732DA2BA}"
EndProject
Project("{FAE04EC0-301F-11D3-BF4B-00C04F79EFBC}") = "CARINSURE.WEB", "CARINSURE.WEB\CARINSURE.WEB.csproj", "{7F5DD50C-D39E-4884-8E4F-1B0827A0470F}"
	ProjectSection(ProjectDependencies) = postProject
		{FD9CD12F-6A01-4F56-9C60-EBCFCD48B379} = {FD9CD12F-6A01-4F56-9C60-EBCFCD48B379}
		{31A50FE0-DCCD-432F-ADC9-A5E5167A6886} = {31A50FE0-DCCD-432F-ADC9-A5E5167A6886}
	EndProjectSection
EndProject
Project("{FAE04EC0-301F-11D3-BF4B-00C04F79EFBC}") = "CARINSURE.MODELS", "CARINSURE.MODELS\CARINSURE.MODELS.csproj", "{37D0570A-53DC-4269-847B-4F80246EE1D6}"
EndProject
Project("{2150E333-8FDC-42A3-9474-1A3956D46DE8}") = "BusinessLogic", "BusinessLogic", "{417F1AE8-E03E-413D-B337-719F9B069FDE}"
EndProject
Project("{FAE04EC0-301F-11D3-BF4B-00C04F79EFBC}") = "CARINSURE.DAL", "CARINSURE.DAL\CARINSURE.DAL.csproj", "{F0CC2213-81DE-4296-B26C-7989D5DE1568}"
EndProject
Project("{FAE04EC0-301F-11D3-BF4B-00C04F79EFBC}") = "CARINSURE.BLL", "CARINSURE.BLL\CARINSURE.BLL.csproj", "{6B5986EB-AEF6-41F9-A77B-2ECB0E5337CC}"
EndProject
Project("{FAE04EC0-301F-11D3-BF4B-00C04F79EFBC}") = "CARINSURE.SERVICE", "CARINSURE.SERVICE\CARINSURE.SERVICE.csproj", "{FD9CD12F-6A01-4F56-9C60-EBCFCD48B379}"
EndProject
Project("{FAE04EC0-301F-11D3-BF4B-00C04F79EFBC}") = "CARINSURE.WCF", "CARINSURE.WCF\CARINSURE.WCF.csproj", "{31A50FE0-DCCD-432F-ADC9-A5E5167A6886}"
EndProject
Project("{FAE04EC0-301F-11D3-BF4B-00C04F79EFBC}") = "CARINSURE.API", "CARINSURE.API\CARINSURE.API.csproj", "{B8725815-1D72-48DB-B43F-AF6F7AD1BD0A}"
EndProject
Global
	GlobalSection(SolutionConfigurationPlatforms) = preSolution
		Debug|Any CPU = Debug|Any CPU
		Release|Any CPU = Release|Any CPU
	EndGlobalSection
	GlobalSection(ProjectConfigurationPlatforms) = postSolution
		{6EB91F1B-86E0-4222-A46D-9BDC0D2DC0DA}.Debug|Any CPU.ActiveCfg = Debug|Any CPU
		{6EB91F1B-86E0-4222-A46D-9BDC0D2DC0DA}.Debug|Any CPU.Build.0 = Debug|Any CPU
		{6EB91F1B-86E0-4222-A46D-9BDC0D2DC0DA}.Release|Any CPU.ActiveCfg = Release|Any CPU
		{6EB91F1B-86E0-4222-A46D-9BDC0D2DC0DA}.Release|Any CPU.Build.0 = Release|Any CPU
		{11A23CB1-AB88-49C7-AB38-15A4F38BA6B7}.Debug|Any CPU.ActiveCfg = Debug|Any CPU
		{11A23CB1-AB88-49C7-AB38-15A4F38BA6B7}.Debug|Any CPU.Build.0 = Debug|Any CPU
		{11A23CB1-AB88-49C7-AB38-15A4F38BA6B7}.Release|Any CPU.ActiveCfg = Release|Any CPU
		{11A23CB1-AB88-49C7-AB38-15A4F38BA6B7}.Release|Any CPU.Build.0 = Release|Any CPU
		{E033B5B0-E3AB-4CE4-B0CE-C24913D7B894}.Debug|Any CPU.ActiveCfg = Debug|Any CPU
		{E033B5B0-E3AB-4CE4-B0CE-C24913D7B894}.Debug|Any CPU.Build.0 = Debug|Any CPU
		{E033B5B0-E3AB-4CE4-B0CE-C24913D7B894}.Release|Any CPU.ActiveCfg = Release|Any CPU
		{E033B5B0-E3AB-4CE4-B0CE-C24913D7B894}.Release|Any CPU.Build.0 = Release|Any CPU
		{18C21757-B4F1-4102-AF48-CC74732DA2BA}.Debug|Any CPU.ActiveCfg = Debug|Any CPU
		{18C21757-B4F1-4102-AF48-CC74732DA2BA}.Debug|Any CPU.Build.0 = Debug|Any CPU
		{18C21757-B4F1-4102-AF48-CC74732DA2BA}.Release|Any CPU.ActiveCfg = Release|Any CPU
		{18C21757-B4F1-4102-AF48-CC74732DA2BA}.Release|Any CPU.Build.0 = Release|Any CPU
		{7F5DD50C-D39E-4884-8E4F-1B0827A0470F}.Debug|Any CPU.ActiveCfg = Debug|Any CPU
		{7F5DD50C-D39E-4884-8E4F-1B0827A0470F}.Debug|Any CPU.Build.0 = Debug|Any CPU
		{7F5DD50C-D39E-4884-8E4F-1B0827A0470F}.Release|Any CPU.ActiveCfg = Release|Any CPU
		{7F5DD50C-D39E-4884-8E4F-1B0827A0470F}.Release|Any CPU.Build.0 = Release|Any CPU
		{37D0570A-53DC-4269-847B-4F80246EE1D6}.Debug|Any CPU.ActiveCfg = Debug|Any CPU
		{37D0570A-53DC-4269-847B-4F80246EE1D6}.Debug|Any CPU.Build.0 = Debug|Any CPU
		{37D0570A-53DC-4269-847B-4F80246EE1D6}.Release|Any CPU.ActiveCfg = Release|Any CPU
		{37D0570A-53DC-4269-847B-4F80246EE1D6}.Release|Any CPU.Build.0 = Release|Any CPU
		{F0CC2213-81DE-4296-B26C-7989D5DE1568}.Debug|Any CPU.ActiveCfg = Debug|Any CPU
		{F0CC2213-81DE-4296-B26C-7989D5DE1568}.Debug|Any CPU.Build.0 = Debug|Any CPU
		{F0CC2213-81DE-4296-B26C-7989D5DE1568}.Release|Any CPU.ActiveCfg = Release|Any CPU
		{F0CC2213-81DE-4296-B26C-7989D5DE1568}.Release|Any CPU.Build.0 = Release|Any CPU
		{6B5986EB-AEF6-41F9-A77B-2ECB0E5337CC}.Debug|Any CPU.ActiveCfg = Debug|Any CPU
		{6B5986EB-AEF6-41F9-A77B-2ECB0E5337CC}.Debug|Any CPU.Build.0 = Debug|Any CPU
		{6B5986EB-AEF6-41F9-A77B-2ECB0E5337CC}.Release|Any CPU.ActiveCfg = Release|Any CPU
		{6B5986EB-AEF6-41F9-A77B-2ECB0E5337CC}.Release|Any CPU.Build.0 = Release|Any CPU
		{FD9CD12F-6A01-4F56-9C60-EBCFCD48B379}.Debug|Any CPU.ActiveCfg = Debug|Any CPU
		{FD9CD12F-6A01-4F56-9C60-EBCFCD48B379}.Debug|Any CPU.Build.0 = Debug|Any CPU
		{FD9CD12F-6A01-4F56-9C60-EBCFCD48B379}.Release|Any CPU.ActiveCfg = Release|Any CPU
		{FD9CD12F-6A01-4F56-9C60-EBCFCD48B379}.Release|Any CPU.Build.0 = Release|Any CPU
		{31A50FE0-DCCD-432F-ADC9-A5E5167A6886}.Debug|Any CPU.ActiveCfg = Debug|Any CPU
		{31A50FE0-DCCD-432F-ADC9-A5E5167A6886}.Debug|Any CPU.Build.0 = Debug|Any CPU
		{31A50FE0-DCCD-432F-ADC9-A5E5167A6886}.Release|Any CPU.ActiveCfg = Release|Any CPU
		{31A50FE0-DCCD-432F-ADC9-A5E5167A6886}.Release|Any CPU.Build.0 = Release|Any CPU
		{B8725815-1D72-48DB-B43F-AF6F7AD1BD0A}.Debug|Any CPU.ActiveCfg = Debug|Any CPU
		{B8725815-1D72-48DB-B43F-AF6F7AD1BD0A}.Debug|Any CPU.Build.0 = Debug|Any CPU
		{B8725815-1D72-48DB-B43F-AF6F7AD1BD0A}.Release|Any CPU.ActiveCfg = Release|Any CPU
		{B8725815-1D72-48DB-B43F-AF6F7AD1BD0A}.Release|Any CPU.Build.0 = Release|Any CPU
	EndGlobalSection
	GlobalSection(SolutionProperties) = preSolution
		HideSolutionNode = FALSE
	EndGlobalSection
	GlobalSection(NestedProjects) = preSolution
		{F0CC2213-81DE-4296-B26C-7989D5DE1568} = {417F1AE8-E03E-413D-B337-719F9B069FDE}
		{6B5986EB-AEF6-41F9-A77B-2ECB0E5337CC} = {417F1AE8-E03E-413D-B337-719F9B069FDE}
		{FD9CD12F-6A01-4F56-9C60-EBCFCD48B379} = {417F1AE8-E03E-413D-B337-719F9B069FDE}
		{31A50FE0-DCCD-432F-ADC9-A5E5167A6886} = {417F1AE8-E03E-413D-B337-719F9B069FDE}
	EndGlobalSection
	GlobalSection(ExtensibilityGlobals) = postSolution
		SolutionGuid = {43566862-8CA6-4ABD-8920-231C1B57B267}
	EndGlobalSection
EndGlobal
